
Microsoft Visual Studio Solution File, Format Version 12.00
# Visual Studio Version 18
VisualStudioVersion = 18.0.11222.15 d18.0
MinimumVisualStudioVersion = 10.0.40219.1
Project("{9A19103F-16F7-4668-BE54-9A1E7A4F7556}") = "SAAS Projectplanningtool", "SAAS Projectplanningtool\SAAS Projectplanningtool.csproj", "{8512D40B-B39E-4650-A241-A80B3D1C41C1}"
EndProject
Global
	GlobalSection(SolutionConfigurationPlatforms) = preSolution
		Debug|Any CPU = Debug|Any CPU
		Release|Any CPU = Release|Any CPU
	EndGlobalSection
	GlobalSection(ProjectConfigurationPlatforms) = postSolution
		{8512D40B-B39E-4650-A241-A80B3D1C41C1}.Debug|Any CPU.ActiveCfg = Debug|Any CPU
		{8512D40B-B39E-4650-A241-A80B3D1C41C1}.Debug|Any CPU.Build.0 = Debug|Any CPU
		{8512D40B-B39E-4650-A241-A80B3D1C41C1}.Release|Any CPU.ActiveCfg = Release|Any CPU
		{8512D40B-B39E-4650-A241-A80B3D1C41C1}.Release|Any CPU.Build.0 = Release|Any CPU
	EndGlobalSection
	GlobalSection(SolutionProperties) = preSolution
		HideSolutionNode = FALSE
	EndGlobalSection
	GlobalSection(ExtensibilityGlobals) = postSolution
		SolutionGuid = {B61DF612-80E7-4DDD-9D01-AC353371B06C}
	EndGlobalSection
EndGlobal
